
Microsoft Visual Studio Solution File, Format Version 12.00
# Visual Studio 2012
Project("{FAE04EC0-301F-11D3-BF4B-00C04F79EFBC}") = "HelloCI.Web", "src\app\HelloCI.Web\HelloCI.Web.csproj", "{ADF01849-94D3-4494-BD78-CCA6AC157458}"
EndProject
Project("{FAE04EC0-301F-11D3-BF4B-00C04F79EFBC}") = "HelloCI.Tests", "src\test\HelloCI.Tests\HelloCI.Tests.csproj", "{978C6EA5-7D83-4B19-B05F-BA465AD3F1FA}"
EndProject
Project("{FAE04EC0-301F-11D3-BF4B-00C04F79EFBC}") = "HelloCI.Core", "src\app\HelloCI.Core\HelloCI.Core.csproj", "{19211BCC-53FA-4FDC-A80B-CA06B4910036}"
EndProject
Global
	GlobalSection(SolutionConfigurationPlatforms) = preSolution
		Debug|Any CPU = Debug|Any CPU
		Release|Any CPU = Release|Any CPU
	EndGlobalSection
	GlobalSection(ProjectConfigurationPlatforms) = postSolution
		{ADF01849-94D3-4494-BD78-CCA6AC157458}.Debug|Any CPU.ActiveCfg = Debug|Any CPU
		{ADF01849-94D3-4494-BD78-CCA6AC157458}.Debug|Any CPU.Build.0 = Debug|Any CPU
		{ADF01849-94D3-4494-BD78-CCA6AC157458}.Release|Any CPU.ActiveCfg = Release|Any CPU
		{ADF01849-94D3-4494-BD78-CCA6AC157458}.Release|Any CPU.Build.0 = Release|Any CPU
		{978C6EA5-7D83-4B19-B05F-BA465AD3F1FA}.Debug|Any CPU.ActiveCfg = Debug|Any CPU
		{978C6EA5-7D83-4B19-B05F-BA465AD3F1FA}.Debug|Any CPU.Build.0 = Debug|Any CPU
		{978C6EA5-7D83-4B19-B05F-BA465AD3F1FA}.Release|Any CPU.ActiveCfg = Release|Any CPU
		{978C6EA5-7D83-4B19-B05F-BA465AD3F1FA}.Release|Any CPU.Build.0 = Release|Any CPU
		{19211BCC-53FA-4FDC-A80B-CA06B4910036}.Debug|Any CPU.ActiveCfg = Debug|Any CPU
		{19211BCC-53FA-4FDC-A80B-CA06B4910036}.Debug|Any CPU.Build.0 = Debug|Any CPU
		{19211BCC-53FA-4FDC-A80B-CA06B4910036}.Release|Any CPU.ActiveCfg = Release|Any CPU
		{19211BCC-53FA-4FDC-A80B-CA06B4910036}.Release|Any CPU.Build.0 = Release|Any CPU
	EndGlobalSection
	GlobalSection(SolutionProperties) = preSolution
		HideSolutionNode = FALSE
	EndGlobalSection
EndGlobal
